<?xml version="1.0" encoding="utf-8"?>
<Project ToolsVersion="4.0" xmlns="http://schemas.microsoft.com/developer/msbuild/2003">
  <ItemGroup>
    <Filter Include="Source Files">
      <UniqueIdentifier>{4FC737F1-C7A5-4376-A066-2A32D752A2FF}</UniqueIdentifier>
      <Extensions>cpp;c;cc;cxx;def;odl;idl;hpj;bat;asm;asmx</Extensions>
    </Filter>
    <Filter Include="Resource Files">
      <UniqueIdentifier>{67DA6AB6-F800-4c08-8B7A-83BB121AAD01}</UniqueIdentifier>
      <Extensions>rc;ico;cur;bmp;dlg;rc2;rct;bin;rgs;gif;jpg;jpeg;jpe;resx;tiff;tif;png;wav;mfcribbon-ms</Extensions>
    </Filter>
    <Filter Include="Header Files">
      <UniqueIdentifier>{93995380-89BD-4b04-88EB-625FBE52EBFB}</UniqueIdentifier>
      <Extensions>h;hh;hpp;hxx;hm;inl;inc;xsd</Extensions>
    </Filter>
    <Filter Include="Stack">
      <UniqueIdentifier>{2e0a97fc-c112-4bd2-ab30-45c99d0fd80a}</UniqueIdentifier>
    </Filter>
  </ItemGroup>
  <ItemGroup>
    <Text Include="ReadMe.txt" />
    <Text Include="更新日志.txt" />
  </ItemGroup>
  <ItemGroup>
    <ClInclude Include="stdafx.h">
      <Filter>Header Files</Filter>
    </ClInclude>
    <ClInclude Include="targetver.h">
      <Filter>Header Files</Filter>
    </ClInclude>
    <ClInclude Include="DataSolveLib.h">
      <Filter>Header Files</Filter>
    </ClInclude>
    <ClInclude Include="DataDefine.h">
      <Filter>Header Files</Filter>
    </ClInclude>
    <ClInclude Include="DataEntities.h">
      <Filter>Header Files</Filter>
    </ClInclude>
    <ClInclude Include="DataEntitiesForNode.h">
      <Filter>Header Files</Filter>
    </ClInclude>
    <ClInclude Include="Judge.h">
      <Filter>Header Files</Filter>
    </ClInclude>
    <ClInclude Include="PublicFunc.h">
      <Filter>Header Files</Filter>
    </ClInclude>
    <ClInclude Include="SolveData.h">
      <Filter>Header Files</Filter>
    </ClInclude>
    <ClInclude Include="resource.h">
      <Filter>Header Files</Filter>
    </ClInclude>
    <ClInclude Include="hole.h">
      <Filter>Header Files</Filter>
    </ClInclude>
    <ClInclude Include="CRHPE.h">
      <Filter>Header Files</Filter>
    </ClInclude>
    <ClInclude Include="DataQualityAnalyse.h">
      <Filter>Header Files</Filter>
    </ClInclude>
    <ClInclude Include="StackWalker.h">
      <Filter>Stack</Filter>
    </ClInclude>
    <ClInclude Include="BaseException.h">
      <Filter>Stack</Filter>
    </ClInclude>
    <ClInclude Include="PositionHPE.h">
      <Filter>Header Files</Filter>
    </ClInclude>
    <ClInclude Include="GlobalDefine.h">
      <Filter>Header Files</Filter>
    </ClInclude>
    <ClInclude Include="holeCore.h">
      <Filter>Header Files</Filter>
    </ClInclude>
    <ClInclude Include="darknet.h">
      <Filter>Header Files</Filter>
    </ClInclude>
  </ItemGroup>
  <ItemGroup>
    <ClCompile Include="stdafx.cpp">
      <Filter>Source Files</Filter>
    </ClCompile>
    <ClCompile Include="DataSolveLib.cpp">
      <Filter>Source Files</Filter>
    </ClCompile>
    <ClCompile Include="dllmain.cpp">
      <Filter>Source Files</Filter>
    </ClCompile>
    <ClCompile Include="DataEntities.cpp">
      <Filter>Source Files</Filter>
    </ClCompile>
    <ClCompile Include="Judge.cpp">
      <Filter>Source Files</Filter>
    </ClCompile>
    <ClCompile Include="PublicFunc.cpp">
      <Filter>Source Files</Filter>
    </ClCompile>
    <ClCompile Include="SolveData.cpp">
      <Filter>Source Files</Filter>
    </ClCompile>
    <ClCompile Include="hole.cpp">
      <Filter>Source Files</Filter>
    </ClCompile>
    <ClCompile Include="CRHPE.cpp">
      <Filter>Source Files</Filter>
    </ClCompile>
    <ClCompile Include="DataQualityAnalyse.cpp">
      <Filter>Source Files</Filter>
    </ClCompile>
    <ClCompile Include="StackWalker.cpp">
      <Filter>Stack</Filter>
    </ClCompile>
    <ClCompile Include="BaseException.cpp">
      <Filter>Stack</Filter>
    </ClCompile>
    <ClCompile Include="PositionHPE.cpp">
      <Filter>Source Files</Filter>
    </ClCompile>
    <ClCompile Include="GlobalDefine.cpp">
      <Filter>Source Files</Filter>
    </ClCompile>
    <ClCompile Include="holeCore.cpp">
      <Filter>Source Files</Filter>
    </ClCompile>
  </ItemGroup>
  <ItemGroup>
    <ResourceCompile Include="DataSolve.rc">
      <Filter>Resource Files</Filter>
    </ResourceCompile>
  </ItemGroup>
</Project>